
Microsoft Visual Studio Solution File, Format Version 12.00
# Visual Studio 15
VisualStudioVersion = 15.0.26124.0
MinimumVisualStudioVersion = 15.0.26124.0
Project("{FAE04EC0-301F-11D3-BF4B-00C04F79EFBC}") = "PaymentAPI", "PaymentAPI\PaymentAPI.csproj", "{F4164FE8-43B3-4E8B-BD4D-6796A5BF249E}"
EndProject
Project("{FAE04EC0-301F-11D3-BF4B-00C04F79EFBC}") = "PaymentAPI.Tests", "PaymentAPI.Tests\PaymentAPI.Tests.csproj", "{89B79E13-6DCF-4968-A915-EFD84743A557}"
EndProject
Project("{FAE04EC0-301F-11D3-BF4B-00C04F79EFBC}") = "BankMockAPI", "BankMockAPI\BankMockAPI.csproj", "{16EE68B9-4A40-4E03-A9F9-2F53887E314F}"
EndProject
Global
	GlobalSection(SolutionConfigurationPlatforms) = preSolution
		Debug|Any CPU = Debug|Any CPU
		Debug|x64 = Debug|x64
		Debug|x86 = Debug|x86
		Release|Any CPU = Release|Any CPU
		Release|x64 = Release|x64
		Release|x86 = Release|x86
	EndGlobalSection
	GlobalSection(SolutionProperties) = preSolution
		HideSolutionNode = FALSE
	EndGlobalSection
	GlobalSection(ProjectConfigurationPlatforms) = postSolution
		{F4164FE8-43B3-4E8B-BD4D-6796A5BF249E}.Debug|Any CPU.ActiveCfg = Debug|Any CPU
		{F4164FE8-43B3-4E8B-BD4D-6796A5BF249E}.Debug|Any CPU.Build.0 = Debug|Any CPU
		{F4164FE8-43B3-4E8B-BD4D-6796A5BF249E}.Debug|x64.ActiveCfg = Debug|Any CPU
		{F4164FE8-43B3-4E8B-BD4D-6796A5BF249E}.Debug|x64.Build.0 = Debug|Any CPU
		{F4164FE8-43B3-4E8B-BD4D-6796A5BF249E}.Debug|x86.ActiveCfg = Debug|Any CPU
		{F4164FE8-43B3-4E8B-BD4D-6796A5BF249E}.Debug|x86.Build.0 = Debug|Any CPU
		{F4164FE8-43B3-4E8B-BD4D-6796A5BF249E}.Release|Any CPU.ActiveCfg = Release|Any CPU
		{F4164FE8-43B3-4E8B-BD4D-6796A5BF249E}.Release|Any CPU.Build.0 = Release|Any CPU
		{F4164FE8-43B3-4E8B-BD4D-6796A5BF249E}.Release|x64.ActiveCfg = Release|Any CPU
		{F4164FE8-43B3-4E8B-BD4D-6796A5BF249E}.Release|x64.Build.0 = Release|Any CPU
		{F4164FE8-43B3-4E8B-BD4D-6796A5BF249E}.Release|x86.ActiveCfg = Release|Any CPU
		{F4164FE8-43B3-4E8B-BD4D-6796A5BF249E}.Release|x86.Build.0 = Release|Any CPU
		{89B79E13-6DCF-4968-A915-EFD84743A557}.Debug|Any CPU.ActiveCfg = Debug|Any CPU
		{89B79E13-6DCF-4968-A915-EFD84743A557}.Debug|Any CPU.Build.0 = Debug|Any CPU
		{89B79E13-6DCF-4968-A915-EFD84743A557}.Debug|x64.ActiveCfg = Debug|Any CPU
		{89B79E13-6DCF-4968-A915-EFD84743A557}.Debug|x64.Build.0 = Debug|Any CPU
		{89B79E13-6DCF-4968-A915-EFD84743A557}.Debug|x86.ActiveCfg = Debug|Any CPU
		{89B79E13-6DCF-4968-A915-EFD84743A557}.Debug|x86.Build.0 = Debug|Any CPU
		{89B79E13-6DCF-4968-A915-EFD84743A557}.Release|Any CPU.ActiveCfg = Release|Any CPU
		{89B79E13-6DCF-4968-A915-EFD84743A557}.Release|Any CPU.Build.0 = Release|Any CPU
		{89B79E13-6DCF-4968-A915-EFD84743A557}.Release|x64.ActiveCfg = Release|Any CPU
		{89B79E13-6DCF-4968-A915-EFD84743A557}.Release|x64.Build.0 = Release|Any CPU
		{89B79E13-6DCF-4968-A915-EFD84743A557}.Release|x86.ActiveCfg = Release|Any CPU
		{89B79E13-6DCF-4968-A915-EFD84743A557}.Release|x86.Build.0 = Release|Any CPU
		{16EE68B9-4A40-4E03-A9F9-2F53887E314F}.Debug|Any CPU.ActiveCfg = Debug|Any CPU
		{16EE68B9-4A40-4E03-A9F9-2F53887E314F}.Debug|Any CPU.Build.0 = Debug|Any CPU
		{16EE68B9-4A40-4E03-A9F9-2F53887E314F}.Debug|x64.ActiveCfg = Debug|Any CPU
		{16EE68B9-4A40-4E03-A9F9-2F53887E314F}.Debug|x64.Build.0 = Debug|Any CPU
		{16EE68B9-4A40-4E03-A9F9-2F53887E314F}.Debug|x86.ActiveCfg = Debug|Any CPU
		{16EE68B9-4A40-4E03-A9F9-2F53887E314F}.Debug|x86.Build.0 = Debug|Any CPU
		{16EE68B9-4A40-4E03-A9F9-2F53887E314F}.Release|Any CPU.ActiveCfg = Release|Any CPU
		{16EE68B9-4A40-4E03-A9F9-2F53887E314F}.Release|Any CPU.Build.0 = Release|Any CPU
		{16EE68B9-4A40-4E03-A9F9-2F53887E314F}.Release|x64.ActiveCfg = Release|Any CPU
		{16EE68B9-4A40-4E03-A9F9-2F53887E314F}.Release|x64.Build.0 = Release|Any CPU
		{16EE68B9-4A40-4E03-A9F9-2F53887E314F}.Release|x86.ActiveCfg = Release|Any CPU
		{16EE68B9-4A40-4E03-A9F9-2F53887E314F}.Release|x86.Build.0 = Release|Any CPU
	EndGlobalSection
EndGlobal
